
Microsoft Visual Studio Solution File, Format Version 12.00
# Visual Studio Version 17
VisualStudioVersion = 17.10.34928.147
MinimumVisualStudioVersion = 10.0.40219.1
Project("{FAE04EC0-301F-11D3-BF4B-00C04F79EFBC}") = "JWT", "JWT\JWT.csproj", "{FBB53569-9B01-4995-BB8C-C5AE500DD47A}"
EndProject
Global
	GlobalSection(SolutionConfigurationPlatforms) = preSolution
		Debug|Any CPU = Debug|Any CPU
		Release|Any CPU = Release|Any CPU
	EndGlobalSection
	GlobalSection(ProjectConfigurationPlatforms) = postSolution
		{FBB53569-9B01-4995-BB8C-C5AE500DD47A}.Debug|Any CPU.ActiveCfg = Debug|Any CPU
		{FBB53569-9B01-4995-BB8C-C5AE500DD47A}.Debug|Any CPU.Build.0 = Debug|Any CPU
		{FBB53569-9B01-4995-BB8C-C5AE500DD47A}.Release|Any CPU.ActiveCfg = Release|Any CPU
		{FBB53569-9B01-4995-BB8C-C5AE500DD47A}.Release|Any CPU.Build.0 = Release|Any CPU
	EndGlobalSection
	GlobalSection(SolutionProperties) = preSolution
		HideSolutionNode = FALSE
	EndGlobalSection
	GlobalSection(ExtensibilityGlobals) = postSolution
		SolutionGuid = {08004D00-EEDC-448F-B892-C15109E1CFB2}
	EndGlobalSection
EndGlobal
